
Microsoft Visual Studio Solution File, Format Version 12.00
# Visual Studio Version 17
VisualStudioVersion = 17.6.33801.468
MinimumVisualStudioVersion = 10.0.40219.1
Project("{FAE04EC0-301F-11D3-BF4B-00C04F79EFBC}") = "AnketV2", "AnketV2\AnketV2.csproj", "{915575E9-F446-41E0-9FF0-7CB2FB07E793}"
EndProject
Global
	GlobalSection(SolutionConfigurationPlatforms) = preSolution
		Debug|Any CPU = Debug|Any CPU
		Release|Any CPU = Release|Any CPU
	EndGlobalSection
	GlobalSection(ProjectConfigurationPlatforms) = postSolution
		{915575E9-F446-41E0-9FF0-7CB2FB07E793}.Debug|Any CPU.ActiveCfg = Debug|Any CPU
		{915575E9-F446-41E0-9FF0-7CB2FB07E793}.Debug|Any CPU.Build.0 = Debug|Any CPU
		{915575E9-F446-41E0-9FF0-7CB2FB07E793}.Release|Any CPU.ActiveCfg = Release|Any CPU
		{915575E9-F446-41E0-9FF0-7CB2FB07E793}.Release|Any CPU.Build.0 = Release|Any CPU
	EndGlobalSection
	GlobalSection(SolutionProperties) = preSolution
		HideSolutionNode = FALSE
	EndGlobalSection
	GlobalSection(ExtensibilityGlobals) = postSolution
		SolutionGuid = {F4EDF100-4657-416D-9184-AAB261BC2887}
	EndGlobalSection
EndGlobal
